
Microsoft Visual Studio Solution File, Format Version 12.00
# Visual Studio Version 16
VisualStudioVersion = 16.0.32126.315
MinimumVisualStudioVersion = 10.0.40219.1
Project("{FAE04EC0-301F-11D3-BF4B-00C04F79EFBC}") = "DispatcherAdmin", "DispatcherAdmin\DispatcherAdmin.csproj", "{8A59E7B3-9793-4CBD-9C09-B3FBE44F9676}"
EndProject
Project("{9A19103F-16F7-4668-BE54-9A1E7A4F7556}") = "DispatcherServer", "DispatcherServer\DispatcherServer.csproj", "{7527D3EB-4F8B-4A28-835F-40EBA2C2A0C3}"
EndProject
Project("{FAE04EC0-301F-11D3-BF4B-00C04F79EFBC}") = "DispatcherClient.Android", "DispatcherClient\DispatcherClient.Android\DispatcherClient.Android.csproj", "{45983A96-0C54-4FF2-9AE1-452DF0A516CA}"
EndProject
Project("{FAE04EC0-301F-11D3-BF4B-00C04F79EFBC}") = "DispatcherClient", "DispatcherClient\DispatcherClient\DispatcherClient.csproj", "{5D220B65-B5BC-4E21-BFC6-A02801C06B36}"
EndProject
Global
	GlobalSection(SolutionConfigurationPlatforms) = preSolution
		Debug|Any CPU = Debug|Any CPU
		Release|Any CPU = Release|Any CPU
	EndGlobalSection
	GlobalSection(ProjectConfigurationPlatforms) = postSolution
		{8A59E7B3-9793-4CBD-9C09-B3FBE44F9676}.Debug|Any CPU.ActiveCfg = Debug|Any CPU
		{8A59E7B3-9793-4CBD-9C09-B3FBE44F9676}.Debug|Any CPU.Build.0 = Debug|Any CPU
		{8A59E7B3-9793-4CBD-9C09-B3FBE44F9676}.Release|Any CPU.ActiveCfg = Release|Any CPU
		{8A59E7B3-9793-4CBD-9C09-B3FBE44F9676}.Release|Any CPU.Build.0 = Release|Any CPU
		{7527D3EB-4F8B-4A28-835F-40EBA2C2A0C3}.Debug|Any CPU.ActiveCfg = Debug|Any CPU
		{7527D3EB-4F8B-4A28-835F-40EBA2C2A0C3}.Debug|Any CPU.Build.0 = Debug|Any CPU
		{7527D3EB-4F8B-4A28-835F-40EBA2C2A0C3}.Release|Any CPU.ActiveCfg = Release|Any CPU
		{7527D3EB-4F8B-4A28-835F-40EBA2C2A0C3}.Release|Any CPU.Build.0 = Release|Any CPU
		{45983A96-0C54-4FF2-9AE1-452DF0A516CA}.Debug|Any CPU.ActiveCfg = Debug|Any CPU
		{45983A96-0C54-4FF2-9AE1-452DF0A516CA}.Debug|Any CPU.Build.0 = Debug|Any CPU
		{45983A96-0C54-4FF2-9AE1-452DF0A516CA}.Debug|Any CPU.Deploy.0 = Debug|Any CPU
		{45983A96-0C54-4FF2-9AE1-452DF0A516CA}.Release|Any CPU.ActiveCfg = Release|Any CPU
		{45983A96-0C54-4FF2-9AE1-452DF0A516CA}.Release|Any CPU.Build.0 = Release|Any CPU
		{45983A96-0C54-4FF2-9AE1-452DF0A516CA}.Release|Any CPU.Deploy.0 = Release|Any CPU
		{5D220B65-B5BC-4E21-BFC6-A02801C06B36}.Debug|Any CPU.ActiveCfg = Debug|Any CPU
		{5D220B65-B5BC-4E21-BFC6-A02801C06B36}.Debug|Any CPU.Build.0 = Debug|Any CPU
		{5D220B65-B5BC-4E21-BFC6-A02801C06B36}.Release|Any CPU.ActiveCfg = Release|Any CPU
		{5D220B65-B5BC-4E21-BFC6-A02801C06B36}.Release|Any CPU.Build.0 = Release|Any CPU
	EndGlobalSection
	GlobalSection(SolutionProperties) = preSolution
		HideSolutionNode = FALSE
	EndGlobalSection
	GlobalSection(ExtensibilityGlobals) = postSolution
		SolutionGuid = {D435229F-E3B6-4102-ACC5-78DC985DBBA0}
	EndGlobalSection
EndGlobal
