
Microsoft Visual Studio Solution File, Format Version 12.00
# Visual Studio Version 16
VisualStudioVersion = 16.0.32126.315
MinimumVisualStudioVersion = 10.0.40219.1
Project("{FAE04EC0-301F-11D3-BF4B-00C04F79EFBC}") = "DispatcherAdmin", "DispatcherAdmin\DispatcherAdmin.csproj", "{8A59E7B3-9793-4CBD-9C09-B3FBE44F9676}"
EndProject
Project("{9A19103F-16F7-4668-BE54-9A1E7A4F7556}") = "DispatcherServer", "DispatcherServer\DispatcherServer.csproj", "{7527D3EB-4F8B-4A28-835F-40EBA2C2A0C3}"
EndProject
Project("{FAE04EC0-301F-11D3-BF4B-00C04F79EFBC}") = "DispatcherClient.Android", "DispatcherClient\DispatcherClient.Android\DispatcherClient.Android.csproj", "{6803A99D-C05A-4535-951C-9F1B5028E332}"
EndProject
Project("{FAE04EC0-301F-11D3-BF4B-00C04F79EFBC}") = "DispatcherClient.iOS", "DispatcherClient\DispatcherClient.iOS\DispatcherClient.iOS.csproj", "{9FD41A7A-A4F7-4786-8A86-60CDA889A717}"
EndProject
Project("{FAE04EC0-301F-11D3-BF4B-00C04F79EFBC}") = "DispatcherClient", "DispatcherClient\DispatcherClient\DispatcherClient.csproj", "{91D1AA52-16AF-4742-883E-60C7281DCDBE}"
EndProject
Global
	GlobalSection(SolutionConfigurationPlatforms) = preSolution
		Debug|Any CPU = Debug|Any CPU
		Debug|iPhone = Debug|iPhone
		Debug|iPhoneSimulator = Debug|iPhoneSimulator
		Release|Any CPU = Release|Any CPU
		Release|iPhone = Release|iPhone
		Release|iPhoneSimulator = Release|iPhoneSimulator
	EndGlobalSection
	GlobalSection(ProjectConfigurationPlatforms) = postSolution
		{8A59E7B3-9793-4CBD-9C09-B3FBE44F9676}.Debug|Any CPU.ActiveCfg = Debug|Any CPU
		{8A59E7B3-9793-4CBD-9C09-B3FBE44F9676}.Debug|Any CPU.Build.0 = Debug|Any CPU
		{8A59E7B3-9793-4CBD-9C09-B3FBE44F9676}.Debug|iPhone.ActiveCfg = Debug|Any CPU
		{8A59E7B3-9793-4CBD-9C09-B3FBE44F9676}.Debug|iPhone.Build.0 = Debug|Any CPU
		{8A59E7B3-9793-4CBD-9C09-B3FBE44F9676}.Debug|iPhoneSimulator.ActiveCfg = Debug|Any CPU
		{8A59E7B3-9793-4CBD-9C09-B3FBE44F9676}.Debug|iPhoneSimulator.Build.0 = Debug|Any CPU
		{8A59E7B3-9793-4CBD-9C09-B3FBE44F9676}.Release|Any CPU.ActiveCfg = Release|Any CPU
		{8A59E7B3-9793-4CBD-9C09-B3FBE44F9676}.Release|Any CPU.Build.0 = Release|Any CPU
		{8A59E7B3-9793-4CBD-9C09-B3FBE44F9676}.Release|iPhone.ActiveCfg = Release|Any CPU
		{8A59E7B3-9793-4CBD-9C09-B3FBE44F9676}.Release|iPhone.Build.0 = Release|Any CPU
		{8A59E7B3-9793-4CBD-9C09-B3FBE44F9676}.Release|iPhoneSimulator.ActiveCfg = Release|Any CPU
		{8A59E7B3-9793-4CBD-9C09-B3FBE44F9676}.Release|iPhoneSimulator.Build.0 = Release|Any CPU
		{7527D3EB-4F8B-4A28-835F-40EBA2C2A0C3}.Debug|Any CPU.ActiveCfg = Debug|Any CPU
		{7527D3EB-4F8B-4A28-835F-40EBA2C2A0C3}.Debug|Any CPU.Build.0 = Debug|Any CPU
		{7527D3EB-4F8B-4A28-835F-40EBA2C2A0C3}.Debug|iPhone.ActiveCfg = Debug|Any CPU
		{7527D3EB-4F8B-4A28-835F-40EBA2C2A0C3}.Debug|iPhone.Build.0 = Debug|Any CPU
		{7527D3EB-4F8B-4A28-835F-40EBA2C2A0C3}.Debug|iPhoneSimulator.ActiveCfg = Debug|Any CPU
		{7527D3EB-4F8B-4A28-835F-40EBA2C2A0C3}.Debug|iPhoneSimulator.Build.0 = Debug|Any CPU
		{7527D3EB-4F8B-4A28-835F-40EBA2C2A0C3}.Release|Any CPU.ActiveCfg = Release|Any CPU
		{7527D3EB-4F8B-4A28-835F-40EBA2C2A0C3}.Release|Any CPU.Build.0 = Release|Any CPU
		{7527D3EB-4F8B-4A28-835F-40EBA2C2A0C3}.Release|iPhone.ActiveCfg = Release|Any CPU
		{7527D3EB-4F8B-4A28-835F-40EBA2C2A0C3}.Release|iPhone.Build.0 = Release|Any CPU
		{7527D3EB-4F8B-4A28-835F-40EBA2C2A0C3}.Release|iPhoneSimulator.ActiveCfg = Release|Any CPU
		{7527D3EB-4F8B-4A28-835F-40EBA2C2A0C3}.Release|iPhoneSimulator.Build.0 = Release|Any CPU
		{6803A99D-C05A-4535-951C-9F1B5028E332}.Debug|Any CPU.ActiveCfg = Debug|Any CPU
		{6803A99D-C05A-4535-951C-9F1B5028E332}.Debug|Any CPU.Build.0 = Debug|Any CPU
		{6803A99D-C05A-4535-951C-9F1B5028E332}.Debug|Any CPU.Deploy.0 = Debug|Any CPU
		{6803A99D-C05A-4535-951C-9F1B5028E332}.Debug|iPhone.ActiveCfg = Debug|Any CPU
		{6803A99D-C05A-4535-951C-9F1B5028E332}.Debug|iPhone.Build.0 = Debug|Any CPU
		{6803A99D-C05A-4535-951C-9F1B5028E332}.Debug|iPhone.Deploy.0 = Debug|Any CPU
		{6803A99D-C05A-4535-951C-9F1B5028E332}.Debug|iPhoneSimulator.ActiveCfg = Debug|Any CPU
		{6803A99D-C05A-4535-951C-9F1B5028E332}.Debug|iPhoneSimulator.Build.0 = Debug|Any CPU
		{6803A99D-C05A-4535-951C-9F1B5028E332}.Debug|iPhoneSimulator.Deploy.0 = Debug|Any CPU
		{6803A99D-C05A-4535-951C-9F1B5028E332}.Release|Any CPU.ActiveCfg = Release|Any CPU
		{6803A99D-C05A-4535-951C-9F1B5028E332}.Release|Any CPU.Build.0 = Release|Any CPU
		{6803A99D-C05A-4535-951C-9F1B5028E332}.Release|Any CPU.Deploy.0 = Release|Any CPU
		{6803A99D-C05A-4535-951C-9F1B5028E332}.Release|iPhone.ActiveCfg = Release|Any CPU
		{6803A99D-C05A-4535-951C-9F1B5028E332}.Release|iPhone.Build.0 = Release|Any CPU
		{6803A99D-C05A-4535-951C-9F1B5028E332}.Release|iPhone.Deploy.0 = Release|Any CPU
		{6803A99D-C05A-4535-951C-9F1B5028E332}.Release|iPhoneSimulator.ActiveCfg = Release|Any CPU
		{6803A99D-C05A-4535-951C-9F1B5028E332}.Release|iPhoneSimulator.Build.0 = Release|Any CPU
		{6803A99D-C05A-4535-951C-9F1B5028E332}.Release|iPhoneSimulator.Deploy.0 = Release|Any CPU
		{9FD41A7A-A4F7-4786-8A86-60CDA889A717}.Debug|Any CPU.ActiveCfg = Debug|iPhoneSimulator
		{9FD41A7A-A4F7-4786-8A86-60CDA889A717}.Debug|iPhone.ActiveCfg = Debug|iPhone
		{9FD41A7A-A4F7-4786-8A86-60CDA889A717}.Debug|iPhone.Build.0 = Debug|iPhone
		{9FD41A7A-A4F7-4786-8A86-60CDA889A717}.Debug|iPhoneSimulator.ActiveCfg = Debug|iPhoneSimulator
		{9FD41A7A-A4F7-4786-8A86-60CDA889A717}.Debug|iPhoneSimulator.Build.0 = Debug|iPhoneSimulator
		{9FD41A7A-A4F7-4786-8A86-60CDA889A717}.Release|Any CPU.ActiveCfg = Release|iPhoneSimulator
		{9FD41A7A-A4F7-4786-8A86-60CDA889A717}.Release|iPhone.ActiveCfg = Release|iPhone
		{9FD41A7A-A4F7-4786-8A86-60CDA889A717}.Release|iPhone.Build.0 = Release|iPhone
		{9FD41A7A-A4F7-4786-8A86-60CDA889A717}.Release|iPhoneSimulator.ActiveCfg = Release|iPhoneSimulator
		{9FD41A7A-A4F7-4786-8A86-60CDA889A717}.Release|iPhoneSimulator.Build.0 = Release|iPhoneSimulator
		{91D1AA52-16AF-4742-883E-60C7281DCDBE}.Debug|Any CPU.ActiveCfg = Debug|Any CPU
		{91D1AA52-16AF-4742-883E-60C7281DCDBE}.Debug|Any CPU.Build.0 = Debug|Any CPU
		{91D1AA52-16AF-4742-883E-60C7281DCDBE}.Debug|iPhone.ActiveCfg = Debug|Any CPU
		{91D1AA52-16AF-4742-883E-60C7281DCDBE}.Debug|iPhone.Build.0 = Debug|Any CPU
		{91D1AA52-16AF-4742-883E-60C7281DCDBE}.Debug|iPhoneSimulator.ActiveCfg = Debug|Any CPU
		{91D1AA52-16AF-4742-883E-60C7281DCDBE}.Debug|iPhoneSimulator.Build.0 = Debug|Any CPU
		{91D1AA52-16AF-4742-883E-60C7281DCDBE}.Release|Any CPU.ActiveCfg = Release|Any CPU
		{91D1AA52-16AF-4742-883E-60C7281DCDBE}.Release|Any CPU.Build.0 = Release|Any CPU
		{91D1AA52-16AF-4742-883E-60C7281DCDBE}.Release|iPhone.ActiveCfg = Release|Any CPU
		{91D1AA52-16AF-4742-883E-60C7281DCDBE}.Release|iPhone.Build.0 = Release|Any CPU
		{91D1AA52-16AF-4742-883E-60C7281DCDBE}.Release|iPhoneSimulator.ActiveCfg = Release|Any CPU
		{91D1AA52-16AF-4742-883E-60C7281DCDBE}.Release|iPhoneSimulator.Build.0 = Release|Any CPU
	EndGlobalSection
	GlobalSection(SolutionProperties) = preSolution
		HideSolutionNode = FALSE
	EndGlobalSection
	GlobalSection(ExtensibilityGlobals) = postSolution
		SolutionGuid = {D435229F-E3B6-4102-ACC5-78DC985DBBA0}
	EndGlobalSection
EndGlobal
